# THIS IS AN AUTOGENERATED FILE. DO NOT EDIT THIS FILE DIRECTLY.
# yarn lockfile v1


antlr4@^4.8.0:
  version "4.8.0"
  resolved "https://registry.yarnpkg.com/antlr4/-/antlr4-4.8.0.tgz#f938ec171be7fc2855cd3a533e87647185b32b6a"
  integrity sha512-en/MxQ4OkPgGJQ3wD/muzj1uDnFSzdFIhc2+c6bHZokWkuBb6RRvFjpWhPxWLbgQvaEzldJZ0GSQpfSAaE3hqg==
